
Microsoft Visual Studio Solution File, Format Version 12.00
# Visual Studio Version 17
VisualStudioVersion = 17.7.34202.233
MinimumVisualStudioVersion = 10.0.40219.1
Project("{FAE04EC0-301F-11D3-BF4B-00C04F79EFBC}") = "P08-ErrorHandling", "P08-ErrorHandling.csproj", "{6B0776BA-1335-47B5-AB48-E2EFBD702505}"
EndProject
Global
	GlobalSection(SolutionConfigurationPlatforms) = preSolution
		Debug|Any CPU = Debug|Any CPU
		Release|Any CPU = Release|Any CPU
	EndGlobalSection
	GlobalSection(ProjectConfigurationPlatforms) = postSolution
		{6B0776BA-1335-47B5-AB48-E2EFBD702505}.Debug|Any CPU.ActiveCfg = Debug|Any CPU
		{6B0776BA-1335-47B5-AB48-E2EFBD702505}.Debug|Any CPU.Build.0 = Debug|Any CPU
		{6B0776BA-1335-47B5-AB48-E2EFBD702505}.Release|Any CPU.ActiveCfg = Release|Any CPU
		{6B0776BA-1335-47B5-AB48-E2EFBD702505}.Release|Any CPU.Build.0 = Release|Any CPU
	EndGlobalSection
	GlobalSection(SolutionProperties) = preSolution
		HideSolutionNode = FALSE
	EndGlobalSection
	GlobalSection(ExtensibilityGlobals) = postSolution
		SolutionGuid = {4A971515-E6CF-4CA5-922E-C050ACBB1C00}
	EndGlobalSection
EndGlobal
