
Microsoft Visual Studio Solution File, Format Version 12.00
# Visual Studio Version 17
VisualStudioVersion = 17.8.34330.188
MinimumVisualStudioVersion = 10.0.40219.1
Project("{FAE04EC0-301F-11D3-BF4B-00C04F79EFBC}") = "P06-Static", "P06-Static.csproj", "{D371BE21-D932-42D6-A7C2-7B2C5C233BCE}"
EndProject
Global
	GlobalSection(SolutionConfigurationPlatforms) = preSolution
		Debug|Any CPU = Debug|Any CPU
		Release|Any CPU = Release|Any CPU
	EndGlobalSection
	GlobalSection(ProjectConfigurationPlatforms) = postSolution
		{D371BE21-D932-42D6-A7C2-7B2C5C233BCE}.Debug|Any CPU.ActiveCfg = Debug|Any CPU
		{D371BE21-D932-42D6-A7C2-7B2C5C233BCE}.Debug|Any CPU.Build.0 = Debug|Any CPU
		{D371BE21-D932-42D6-A7C2-7B2C5C233BCE}.Release|Any CPU.ActiveCfg = Release|Any CPU
		{D371BE21-D932-42D6-A7C2-7B2C5C233BCE}.Release|Any CPU.Build.0 = Release|Any CPU
	EndGlobalSection
	GlobalSection(SolutionProperties) = preSolution
		HideSolutionNode = FALSE
	EndGlobalSection
	GlobalSection(ExtensibilityGlobals) = postSolution
		SolutionGuid = {E0B76D9A-1ACE-4263-9983-98DBBA0B94BC}
	EndGlobalSection
EndGlobal
