
Microsoft Visual Studio Solution File, Format Version 12.00
# Visual Studio Version 17
VisualStudioVersion = 17.7.34202.233
MinimumVisualStudioVersion = 10.0.40219.1
Project("{FAE04EC0-301F-11D3-BF4B-00C04F79EFBC}") = "P02-Variables", "P02-Variables.csproj", "{CC2BBE38-115A-42CB-BB74-97F4745F475D}"
EndProject
Global
	GlobalSection(SolutionConfigurationPlatforms) = preSolution
		Debug|Any CPU = Debug|Any CPU
		Release|Any CPU = Release|Any CPU
	EndGlobalSection
	GlobalSection(ProjectConfigurationPlatforms) = postSolution
		{CC2BBE38-115A-42CB-BB74-97F4745F475D}.Debug|Any CPU.ActiveCfg = Debug|Any CPU
		{CC2BBE38-115A-42CB-BB74-97F4745F475D}.Debug|Any CPU.Build.0 = Debug|Any CPU
		{CC2BBE38-115A-42CB-BB74-97F4745F475D}.Release|Any CPU.ActiveCfg = Release|Any CPU
		{CC2BBE38-115A-42CB-BB74-97F4745F475D}.Release|Any CPU.Build.0 = Release|Any CPU
	EndGlobalSection
	GlobalSection(SolutionProperties) = preSolution
		HideSolutionNode = FALSE
	EndGlobalSection
	GlobalSection(ExtensibilityGlobals) = postSolution
		SolutionGuid = {38E260A8-8713-41DC-897D-4B1D9F025C53}
	EndGlobalSection
EndGlobal
