
Microsoft Visual Studio Solution File, Format Version 12.00
# Visual Studio Version 17
VisualStudioVersion = 17.7.34202.233
MinimumVisualStudioVersion = 10.0.40219.1
Project("{FAE04EC0-301F-11D3-BF4B-00C04F79EFBC}") = "P07-DateTimeMethods", "P07-DateTimeMethods.csproj", "{085DBAD6-B2D4-49FB-B933-868F7DF1D0E8}"
EndProject
Global
	GlobalSection(SolutionConfigurationPlatforms) = preSolution
		Debug|Any CPU = Debug|Any CPU
		Release|Any CPU = Release|Any CPU
	EndGlobalSection
	GlobalSection(ProjectConfigurationPlatforms) = postSolution
		{085DBAD6-B2D4-49FB-B933-868F7DF1D0E8}.Debug|Any CPU.ActiveCfg = Debug|Any CPU
		{085DBAD6-B2D4-49FB-B933-868F7DF1D0E8}.Debug|Any CPU.Build.0 = Debug|Any CPU
		{085DBAD6-B2D4-49FB-B933-868F7DF1D0E8}.Release|Any CPU.ActiveCfg = Release|Any CPU
		{085DBAD6-B2D4-49FB-B933-868F7DF1D0E8}.Release|Any CPU.Build.0 = Release|Any CPU
	EndGlobalSection
	GlobalSection(SolutionProperties) = preSolution
		HideSolutionNode = FALSE
	EndGlobalSection
	GlobalSection(ExtensibilityGlobals) = postSolution
		SolutionGuid = {498D7BEC-A75C-4C75-9C94-E2BA6EA76B1D}
	EndGlobalSection
EndGlobal
