
Microsoft Visual Studio Solution File, Format Version 12.00
# Visual Studio Version 17
VisualStudioVersion = 17.7.34202.233
MinimumVisualStudioVersion = 10.0.40219.1
Project("{FAE04EC0-301F-11D3-BF4B-00C04F79EFBC}") = "P09-Conditions", "P09-Conditions.csproj", "{74F6B47E-1419-41E0-9534-FAC505A9A406}"
EndProject
Global
	GlobalSection(SolutionConfigurationPlatforms) = preSolution
		Debug|Any CPU = Debug|Any CPU
		Release|Any CPU = Release|Any CPU
	EndGlobalSection
	GlobalSection(ProjectConfigurationPlatforms) = postSolution
		{74F6B47E-1419-41E0-9534-FAC505A9A406}.Debug|Any CPU.ActiveCfg = Debug|Any CPU
		{74F6B47E-1419-41E0-9534-FAC505A9A406}.Debug|Any CPU.Build.0 = Debug|Any CPU
		{74F6B47E-1419-41E0-9534-FAC505A9A406}.Release|Any CPU.ActiveCfg = Release|Any CPU
		{74F6B47E-1419-41E0-9534-FAC505A9A406}.Release|Any CPU.Build.0 = Release|Any CPU
	EndGlobalSection
	GlobalSection(SolutionProperties) = preSolution
		HideSolutionNode = FALSE
	EndGlobalSection
	GlobalSection(ExtensibilityGlobals) = postSolution
		SolutionGuid = {6ADCF2D0-A945-49AE-A2B5-A67F34938269}
	EndGlobalSection
EndGlobal
