
Microsoft Visual Studio Solution File, Format Version 12.00
# Visual Studio Version 17
VisualStudioVersion = 17.7.34202.233
MinimumVisualStudioVersion = 10.0.40219.1
Project("{FAE04EC0-301F-11D3-BF4B-00C04F79EFBC}") = "P03-Types", "P03-Types.csproj", "{9FCFA29F-8C21-487C-A05E-F17C7A422F5B}"
EndProject
Global
	GlobalSection(SolutionConfigurationPlatforms) = preSolution
		Debug|Any CPU = Debug|Any CPU
		Release|Any CPU = Release|Any CPU
	EndGlobalSection
	GlobalSection(ProjectConfigurationPlatforms) = postSolution
		{9FCFA29F-8C21-487C-A05E-F17C7A422F5B}.Debug|Any CPU.ActiveCfg = Debug|Any CPU
		{9FCFA29F-8C21-487C-A05E-F17C7A422F5B}.Debug|Any CPU.Build.0 = Debug|Any CPU
		{9FCFA29F-8C21-487C-A05E-F17C7A422F5B}.Release|Any CPU.ActiveCfg = Release|Any CPU
		{9FCFA29F-8C21-487C-A05E-F17C7A422F5B}.Release|Any CPU.Build.0 = Release|Any CPU
	EndGlobalSection
	GlobalSection(SolutionProperties) = preSolution
		HideSolutionNode = FALSE
	EndGlobalSection
	GlobalSection(ExtensibilityGlobals) = postSolution
		SolutionGuid = {ED7B0160-E037-4FEE-BE95-FA2DDE1FEA06}
	EndGlobalSection
EndGlobal
