
Microsoft Visual Studio Solution File, Format Version 12.00
# Visual Studio Version 17
VisualStudioVersion = 17.7.34202.233
MinimumVisualStudioVersion = 10.0.40219.1
Project("{FAE04EC0-301F-11D3-BF4B-00C04F79EFBC}") = "MiniShop.Mvc", "MiniShop.Mvc\MiniShop.Mvc.csproj", "{3338D1FA-27CA-481B-9E71-B9E301F39ABE}"
EndProject
Project("{FAE04EC0-301F-11D3-BF4B-00C04F79EFBC}") = "MiniShop.Business", "MiniShop.Business\MiniShop.Business.csproj", "{A0921C97-ED5F-4C56-87CE-ED066B150AC8}"
EndProject
Project("{FAE04EC0-301F-11D3-BF4B-00C04F79EFBC}") = "MiniShop.Data", "MiniShop.Data\MiniShop.Data.csproj", "{95AAE6F1-87D7-47A5-9122-8ACD880A0D0C}"
EndProject
Project("{FAE04EC0-301F-11D3-BF4B-00C04F79EFBC}") = "MiniShop.Entity", "MiniShop.Entity\MiniShop.Entity.csproj", "{134B6AC3-764F-4A30-8FB7-E0AA24C03BA7}"
EndProject
Project("{FAE04EC0-301F-11D3-BF4B-00C04F79EFBC}") = "MiniShop.Core", "MiniShop.Core\MiniShop.Core.csproj", "{332477E1-3986-4D5D-A30D-8AE5C97E76E4}"
EndProject
Global
	GlobalSection(SolutionConfigurationPlatforms) = preSolution
		Debug|Any CPU = Debug|Any CPU
		Release|Any CPU = Release|Any CPU
	EndGlobalSection
	GlobalSection(ProjectConfigurationPlatforms) = postSolution
		{3338D1FA-27CA-481B-9E71-B9E301F39ABE}.Debug|Any CPU.ActiveCfg = Debug|Any CPU
		{3338D1FA-27CA-481B-9E71-B9E301F39ABE}.Debug|Any CPU.Build.0 = Debug|Any CPU
		{3338D1FA-27CA-481B-9E71-B9E301F39ABE}.Release|Any CPU.ActiveCfg = Release|Any CPU
		{3338D1FA-27CA-481B-9E71-B9E301F39ABE}.Release|Any CPU.Build.0 = Release|Any CPU
		{A0921C97-ED5F-4C56-87CE-ED066B150AC8}.Debug|Any CPU.ActiveCfg = Debug|Any CPU
		{A0921C97-ED5F-4C56-87CE-ED066B150AC8}.Debug|Any CPU.Build.0 = Debug|Any CPU
		{A0921C97-ED5F-4C56-87CE-ED066B150AC8}.Release|Any CPU.ActiveCfg = Release|Any CPU
		{A0921C97-ED5F-4C56-87CE-ED066B150AC8}.Release|Any CPU.Build.0 = Release|Any CPU
		{95AAE6F1-87D7-47A5-9122-8ACD880A0D0C}.Debug|Any CPU.ActiveCfg = Debug|Any CPU
		{95AAE6F1-87D7-47A5-9122-8ACD880A0D0C}.Debug|Any CPU.Build.0 = Debug|Any CPU
		{95AAE6F1-87D7-47A5-9122-8ACD880A0D0C}.Release|Any CPU.ActiveCfg = Release|Any CPU
		{95AAE6F1-87D7-47A5-9122-8ACD880A0D0C}.Release|Any CPU.Build.0 = Release|Any CPU
		{134B6AC3-764F-4A30-8FB7-E0AA24C03BA7}.Debug|Any CPU.ActiveCfg = Debug|Any CPU
		{134B6AC3-764F-4A30-8FB7-E0AA24C03BA7}.Debug|Any CPU.Build.0 = Debug|Any CPU
		{134B6AC3-764F-4A30-8FB7-E0AA24C03BA7}.Release|Any CPU.ActiveCfg = Release|Any CPU
		{134B6AC3-764F-4A30-8FB7-E0AA24C03BA7}.Release|Any CPU.Build.0 = Release|Any CPU
		{332477E1-3986-4D5D-A30D-8AE5C97E76E4}.Debug|Any CPU.ActiveCfg = Debug|Any CPU
		{332477E1-3986-4D5D-A30D-8AE5C97E76E4}.Debug|Any CPU.Build.0 = Debug|Any CPU
		{332477E1-3986-4D5D-A30D-8AE5C97E76E4}.Release|Any CPU.ActiveCfg = Release|Any CPU
		{332477E1-3986-4D5D-A30D-8AE5C97E76E4}.Release|Any CPU.Build.0 = Release|Any CPU
	EndGlobalSection
	GlobalSection(SolutionProperties) = preSolution
		HideSolutionNode = FALSE
	EndGlobalSection
	GlobalSection(ExtensibilityGlobals) = postSolution
		SolutionGuid = {C75A93D5-698A-4083-AF27-E1ED3851FE10}
	EndGlobalSection
EndGlobal
