
Microsoft Visual Studio Solution File, Format Version 12.00
# Visual Studio Version 17
VisualStudioVersion = 17.0.31903.59
MinimumVisualStudioVersion = 10.0.40219.1
Project("{9A19103F-16F7-4668-BE54-9A1E7A4F7556}") = "MiniShopVSCode.Mvc", "MiniShopVSCode.Mvc\MiniShopVSCode.Mvc.csproj", "{A614DE78-F861-44C6-9D67-EA44F4D19FC8}"
EndProject
Project("{9A19103F-16F7-4668-BE54-9A1E7A4F7556}") = "MiniShopVSCode.Data", "MiniShopVSCode.Data\MiniShopVSCode.Data.csproj", "{24A627A2-940F-4D2F-AA51-72D58F0EA185}"
EndProject
Project("{9A19103F-16F7-4668-BE54-9A1E7A4F7556}") = "MiniShopVSCode.Entity", "MiniShopVSCode.Entity\MiniShopVSCode.Entity.csproj", "{8AACA5AA-7D58-4032-BA6A-7AEFCBC15050}"
EndProject
Project("{9A19103F-16F7-4668-BE54-9A1E7A4F7556}") = "MiniShopVSCode.Business", "MiniShopVSCode.Business\MiniShopVSCode.Business.csproj", "{780B5694-8DD4-4EC5-9C13-008DC9744AF5}"
EndProject
Project("{9A19103F-16F7-4668-BE54-9A1E7A4F7556}") = "MiniShopVSCode.Core", "MiniShopVSCode.Core\MiniShopVSCode.Core.csproj", "{AB6EB777-D2DB-4490-A1F6-05BF587B33F7}"
EndProject
Global
	GlobalSection(SolutionConfigurationPlatforms) = preSolution
		Debug|Any CPU = Debug|Any CPU
		Release|Any CPU = Release|Any CPU
	EndGlobalSection
	GlobalSection(ProjectConfigurationPlatforms) = postSolution
		{A614DE78-F861-44C6-9D67-EA44F4D19FC8}.Debug|Any CPU.ActiveCfg = Debug|Any CPU
		{A614DE78-F861-44C6-9D67-EA44F4D19FC8}.Debug|Any CPU.Build.0 = Debug|Any CPU
		{A614DE78-F861-44C6-9D67-EA44F4D19FC8}.Release|Any CPU.ActiveCfg = Release|Any CPU
		{A614DE78-F861-44C6-9D67-EA44F4D19FC8}.Release|Any CPU.Build.0 = Release|Any CPU
		{24A627A2-940F-4D2F-AA51-72D58F0EA185}.Debug|Any CPU.ActiveCfg = Debug|Any CPU
		{24A627A2-940F-4D2F-AA51-72D58F0EA185}.Debug|Any CPU.Build.0 = Debug|Any CPU
		{24A627A2-940F-4D2F-AA51-72D58F0EA185}.Release|Any CPU.ActiveCfg = Release|Any CPU
		{24A627A2-940F-4D2F-AA51-72D58F0EA185}.Release|Any CPU.Build.0 = Release|Any CPU
		{8AACA5AA-7D58-4032-BA6A-7AEFCBC15050}.Debug|Any CPU.ActiveCfg = Debug|Any CPU
		{8AACA5AA-7D58-4032-BA6A-7AEFCBC15050}.Debug|Any CPU.Build.0 = Debug|Any CPU
		{8AACA5AA-7D58-4032-BA6A-7AEFCBC15050}.Release|Any CPU.ActiveCfg = Release|Any CPU
		{8AACA5AA-7D58-4032-BA6A-7AEFCBC15050}.Release|Any CPU.Build.0 = Release|Any CPU
		{780B5694-8DD4-4EC5-9C13-008DC9744AF5}.Debug|Any CPU.ActiveCfg = Debug|Any CPU
		{780B5694-8DD4-4EC5-9C13-008DC9744AF5}.Debug|Any CPU.Build.0 = Debug|Any CPU
		{780B5694-8DD4-4EC5-9C13-008DC9744AF5}.Release|Any CPU.ActiveCfg = Release|Any CPU
		{780B5694-8DD4-4EC5-9C13-008DC9744AF5}.Release|Any CPU.Build.0 = Release|Any CPU
		{AB6EB777-D2DB-4490-A1F6-05BF587B33F7}.Debug|Any CPU.ActiveCfg = Debug|Any CPU
		{AB6EB777-D2DB-4490-A1F6-05BF587B33F7}.Debug|Any CPU.Build.0 = Debug|Any CPU
		{AB6EB777-D2DB-4490-A1F6-05BF587B33F7}.Release|Any CPU.ActiveCfg = Release|Any CPU
		{AB6EB777-D2DB-4490-A1F6-05BF587B33F7}.Release|Any CPU.Build.0 = Release|Any CPU
	EndGlobalSection
	GlobalSection(SolutionProperties) = preSolution
		HideSolutionNode = FALSE
	EndGlobalSection
EndGlobal
